<?xml version="1.0" encoding="utf-8"?>
<Project ToolsVersion="4.0" xmlns="http://schemas.microsoft.com/developer/msbuild/2003">
  <ItemGroup>
    <ClCompile Include="Application.cpp" />
    <ClCompile Include="scene\SceneManager.cpp">
      <Filter>scene</Filter>
    </ClCompile>
    <ClCompile Include="models\OutputSettingsModel.cpp">
      <Filter>models</Filter>
    </ClCompile>
    <ClCompile Include="models\PPMSettingsModel.cpp">
      <Filter>models</Filter>
    </ClCompile>
    <ClCompile Include="models\RenderStatisticsModel.cpp">
      <Filter>models</Filter>
    </ClCompile>
    <ClCompile Include="gui\docks\CameraDock.cpp">
      <Filter>gui\docks</Filter>
    </ClCompile>
    <ClCompile Include="gui\docks\ConsoleDock.cpp">
      <Filter>gui\docks</Filter>
    </ClCompile>
    <ClCompile Include="gui\docks\OutputDock.cpp">
      <Filter>gui\docks</Filter>
    </ClCompile>
    <ClCompile Include="gui\docks\PPMDock.cpp">
      <Filter>gui\docks</Filter>
    </ClCompile>
    <ClCompile Include="gui\docks\RenderInformationDock.cpp">
      <Filter>gui\docks</Filter>
    </ClCompile>
    <ClCompile Include="gui\docks\SceneDock.cpp">
      <Filter>gui\docks</Filter>
    </ClCompile>
    <ClCompile Include="gui\AboutWindow.cpp">
      <Filter>gui</Filter>
    </ClCompile>
    <ClCompile Include="gui\ComputeDeviceInformationWidget.cpp">
      <Filter>gui</Filter>
    </ClCompile>
    <ClCompile Include="gui\ComputeDeviceInformationWidgetTabPage.cpp">
      <Filter>gui</Filter>
    </ClCompile>
    <ClCompile Include="gui\MainWindowBase.cpp">
      <Filter>gui</Filter>
    </ClCompile>
    <ClCompile Include="gui\RenderWidget.cpp">
      <Filter>gui</Filter>
    </ClCompile>
  </ItemGroup>
  <ItemGroup>
    <ClInclude Include="gui_export_api.h" />
    <ClInclude Include="Application.hxx" />
    <ClInclude Include="RunningStatus.h" />
    <ClInclude Include="RendererStatus.h" />
    <ClInclude Include="scene\SceneManager.hxx">
      <Filter>scene</Filter>
    </ClInclude>
    <ClInclude Include="models\OutputSettingsModel.hxx">
      <Filter>models</Filter>
    </ClInclude>
    <ClInclude Include="models\PPMSettingsModel.hxx">
      <Filter>models</Filter>
    </ClInclude>
    <ClInclude Include="models\RenderStatisticsModel.hxx">
      <Filter>models</Filter>
    </ClInclude>
    <ClInclude Include="gui\ui\resources.h">
      <Filter>gui\ui</Filter>
    </ClInclude>
    <ClInclude Include="gui\docks\CameraDock.hxx">
      <Filter>gui\docks</Filter>
    </ClInclude>
    <ClInclude Include="gui\docks\ConsoleDock.hxx">
      <Filter>gui\docks</Filter>
    </ClInclude>
    <ClInclude Include="gui\docks\OutputDock.hxx">
      <Filter>gui\docks</Filter>
    </ClInclude>
    <ClInclude Include="gui\docks\PPMDock.hxx">
      <Filter>gui\docks</Filter>
    </ClInclude>
    <ClInclude Include="gui\docks\RenderInformationDock.hxx">
      <Filter>gui\docks</Filter>
    </ClInclude>
    <ClInclude Include="gui\docks\SceneDock.hxx">
      <Filter>gui\docks</Filter>
    </ClInclude>
    <ClInclude Include="gui\AboutWindow.hxx">
      <Filter>gui</Filter>
    </ClInclude>
    <ClInclude Include="gui\ComputeDeviceInformationWidget.hxx">
      <Filter>gui</Filter>
    </ClInclude>
    <ClInclude Include="gui\ComputeDeviceInformationWidgetTabPage.hxx">
      <Filter>gui</Filter>
    </ClInclude>
    <ClInclude Include="gui\MainWindowBase.hxx">
      <Filter>gui</Filter>
    </ClInclude>
    <ClInclude Include="gui\RenderWidget.hxx">
      <Filter>gui</Filter>
    </ClInclude>
  </ItemGroup>
  <ItemGroup>
    <None Include="gui\ui\AboutWindow.ui">
      <Filter>gui\ui</Filter>
    </None>
    <None Include="gui\ui\ComputeDeviceInformationWidget.ui">
      <Filter>gui\ui</Filter>
    </None>
    <None Include="gui\ui\ComputeDeviceInformationWidgetTabPage.ui">
      <Filter>gui\ui</Filter>
    </None>
    <None Include="gui\ui\MainWindowBase.ui">
      <Filter>gui\ui</Filter>
    </None>
    <None Include="gui\ui\RenderTypePPMInfo.ui">
      <Filter>gui\ui</Filter>
    </None>
    <None Include="gui\docks\ui\CameraDock.ui">
      <Filter>gui\docks\ui</Filter>
    </None>
    <None Include="gui\docks\ui\ConsoleDock.ui">
      <Filter>gui\docks\ui</Filter>
    </None>
    <None Include="gui\docks\ui\OutputDock.ui">
      <Filter>gui\docks\ui</Filter>
    </None>
    <None Include="gui\docks\ui\PPMDock.ui">
      <Filter>gui\docks\ui</Filter>
    </None>
    <None Include="gui\docks\ui\RenderInformationDock.ui">
      <Filter>gui\docks\ui</Filter>
    </None>
    <None Include="gui\docks\ui\SceneDock.ui">
      <Filter>gui\docks\ui</Filter>
    </None>
  </ItemGroup>
  <ItemGroup>
    <Filter Include="scene">
      <UniqueIdentifier>{a759dca5-0db8-43d5-82a4-12441af86732}</UniqueIdentifier>
    </Filter>
    <Filter Include="models">
      <UniqueIdentifier>{0d6a4ea2-dcec-423b-bae7-5b4f915f3082}</UniqueIdentifier>
    </Filter>
    <Filter Include="gui">
      <UniqueIdentifier>{a0c4fffa-678b-457a-9316-1ba16fc86e16}</UniqueIdentifier>
    </Filter>
    <Filter Include="gui\ui">
      <UniqueIdentifier>{9d4a4424-438b-4ecb-883f-857d5de07059}</UniqueIdentifier>
    </Filter>
    <Filter Include="gui\docks">
      <UniqueIdentifier>{dc5edbd7-1617-4e11-9974-0169059da017}</UniqueIdentifier>
    </Filter>
    <Filter Include="gui\docks\ui">
      <UniqueIdentifier>{4da1aad4-06d5-45e1-a662-38f1313deb88}</UniqueIdentifier>
    </Filter>
    <Filter Include="docs">
      <UniqueIdentifier>{fe63bdc4-1de2-49e7-a9ef-d5c2d8719a4b}</UniqueIdentifier>
    </Filter>
  </ItemGroup>
  <ItemGroup>
    <Image Include="gui\ui\icon.png">
      <Filter>gui\ui</Filter>
    </Image>
  </ItemGroup>
  <ItemGroup>
    <Xml Include="gui\ui\resources.qrc">
      <Filter>gui\ui</Filter>
    </Xml>
  </ItemGroup>
  <ItemGroup>
    <Text Include="LICENSE.txt">
      <Filter>docs</Filter>
    </Text>
  </ItemGroup>
</Project>