<?xml version="1.0" encoding="utf-8"?>
<Project ToolsVersion="4.0" xmlns="http://schemas.microsoft.com/developer/msbuild/2003">
  <ItemGroup>
    <ClCompile Include="standalone.cpp" />
    <ClCompile Include="StandaloneRenderManager.cpp" />
    <ClCompile Include="StandaloneApplication.cpp" />
  </ItemGroup>
  <ItemGroup>
    <None Include="Standalone.vcxproj" />
  </ItemGroup>
  <ItemGroup>
    <ClInclude Include="StandaloneRenderManager.hxx" />
    <ClInclude Include="StandaloneApplication.h" />
    <ClInclude Include="resource.h">
      <Filter>Resources</Filter>
    </ClInclude>
  </ItemGroup>
  <ItemGroup>
    <Filter Include="Resources">
      <UniqueIdentifier>{f37387db-d3f8-4e2f-9144-37f2484b2b50}</UniqueIdentifier>
    </Filter>
  </ItemGroup>
  <ItemGroup>
    <Image Include="icon.ico">
      <Filter>Resources</Filter>
    </Image>
  </ItemGroup>
</Project>