<?xml version="1.0" encoding="utf-8"?>
<Project ToolsVersion="4.0" xmlns="http://schemas.microsoft.com/developer/msbuild/2003">
  <ItemGroup>
    <ClCompile Include="material\Glass.cpp">
      <Filter>material</Filter>
    </ClCompile>
    <ClCompile Include="material\Material.cpp">
      <Filter>material</Filter>
    </ClCompile>
    <ClCompile Include="material\Diffuse.cpp">
      <Filter>material</Filter>
    </ClCompile>
    <ClCompile Include="material\ParticipatingMedium.cpp">
      <Filter>material</Filter>
    </ClCompile>
    <ClCompile Include="ComputeDevice.cpp" />
    <ClCompile Include="util\Mouse.cpp">
      <Filter>util</Filter>
    </ClCompile>
    <ClCompile Include="ComputeDeviceRepository.cpp" />
    <ClCompile Include="geometry_instance\GeometryInstance.cpp">
      <Filter>geometry_instance</Filter>
    </ClCompile>
    <ClCompile Include="geometry_instance\SphereInstance.cpp">
      <Filter>geometry_instance</Filter>
    </ClCompile>
    <ClCompile Include="geometry_instance\Transform.cpp">
      <Filter>geometry_instance</Filter>
    </ClCompile>
    <ClCompile Include="geometry_instance\AABInstance.cpp">
      <Filter>geometry_instance</Filter>
    </ClCompile>
    <ClCompile Include="scene\Scene.cpp">
      <Filter>scene</Filter>
    </ClCompile>
    <ClCompile Include="clientserver\RenderResultPacket.cpp">
      <Filter>clientserver</Filter>
    </ClCompile>
    <ClCompile Include="clientserver\RenderServerRenderRequest.cpp">
      <Filter>clientserver</Filter>
    </ClCompile>
    <ClCompile Include="clientserver\RenderServerRenderRequestDetails.cpp">
      <Filter>clientserver</Filter>
    </ClCompile>
    <ClCompile Include="logging\DummyLogger.cpp">
      <Filter>logging</Filter>
    </ClCompile>
    <ClCompile Include="logging\Logger.cpp">
      <Filter>logging</Filter>
    </ClCompile>
    <ClCompile Include="logging\SignalLogger.cpp">
      <Filter>logging</Filter>
    </ClCompile>
    <ClCompile Include="util\Image.cpp">
      <Filter>util</Filter>
    </ClCompile>
    <ClCompile Include="util\sutil.c">
      <Filter>util</Filter>
    </ClCompile>
    <ClCompile Include="util\imageformats\libtga\tga.c">
      <Filter>util\tga</Filter>
    </ClCompile>
    <ClCompile Include="util\imageformats\libtga\tgaread.c">
      <Filter>util\tga</Filter>
    </ClCompile>
    <ClCompile Include="util\imageformats\libtga\tgawrite.c">
      <Filter>util\tga</Filter>
    </ClCompile>
    <ClCompile Include="material\Mirror.cpp">
      <Filter>material</Filter>
    </ClCompile>
    <ClCompile Include="material\Texture.cpp">
      <Filter>material</Filter>
    </ClCompile>
    <ClCompile Include="math\AAB.cpp">
      <Filter>math</Filter>
    </ClCompile>
    <ClCompile Include="math\Sphere.cpp">
      <Filter>math</Filter>
    </ClCompile>
    <ClCompile Include="math\Vector3.cpp">
      <Filter>math</Filter>
    </ClCompile>
    <ClCompile Include="renderer\Camera.cpp">
      <Filter>renderer</Filter>
    </ClCompile>
    <ClCompile Include="renderer\Light.cpp">
      <Filter>renderer</Filter>
    </ClCompile>
    <ClCompile Include="renderer\OptixRenderer.cpp">
      <Filter>renderer</Filter>
    </ClCompile>
    <ClCompile Include="renderer\OptixRenderer_CPUKdTree.cpp">
      <Filter>renderer</Filter>
    </ClCompile>
    <ClCompile Include="renderer\PMOptixRenderer.cpp">
      <Filter>renderer</Filter>
    </ClCompile>
    <ClCompile Include="renderer\PPMOptixRenderer.cpp">
      <Filter>renderer</Filter>
    </ClCompile>
    <ClCompile Include="material\DiffuseEmitter.cpp">
      <Filter>material</Filter>
    </ClCompile>
    <ClCompile Include="util\RelPath.cpp" />
  </ItemGroup>
  <ItemGroup>
    <ClInclude Include="select.h" />
    <ClInclude Include="material\Glass.h">
      <Filter>material</Filter>
    </ClInclude>
    <ClInclude Include="material\Material.h">
      <Filter>material</Filter>
    </ClInclude>
    <ClInclude Include="material\Diffuse.h">
      <Filter>material</Filter>
    </ClInclude>
    <ClInclude Include="material\ParticipatingMedium.h">
      <Filter>material</Filter>
    </ClInclude>
    <ClInclude Include="config.h" />
    <ClInclude Include="ComputeDevice.h" />
    <ClInclude Include="util\Mouse.h">
      <Filter>util</Filter>
    </ClInclude>
    <ClInclude Include="ComputeDeviceRepository.h" />
    <ClInclude Include="render_engine_export_api.h" />
    <ClInclude Include="geometry_instance\GeometryInstance.h">
      <Filter>geometry_instance</Filter>
    </ClInclude>
    <ClInclude Include="geometry_instance\SphereInstance.h">
      <Filter>geometry_instance</Filter>
    </ClInclude>
    <ClInclude Include="geometry_instance\Transform.h">
      <Filter>geometry_instance</Filter>
    </ClInclude>
    <ClInclude Include="geometry_instance\AABInstance.h">
      <Filter>geometry_instance</Filter>
    </ClInclude>
    <ClInclude Include="scene\Scene.h">
      <Filter>scene</Filter>
    </ClInclude>
    <ClInclude Include="clientserver\RenderResultPacket.h">
      <Filter>clientserver</Filter>
    </ClInclude>
    <ClInclude Include="clientserver\RenderServerRenderRequest.h">
      <Filter>clientserver</Filter>
    </ClInclude>
    <ClInclude Include="clientserver\RenderServerRenderRequestDetails.h">
      <Filter>clientserver</Filter>
    </ClInclude>
    <ClInclude Include="logging\DummyLogger.h">
      <Filter>logging</Filter>
    </ClInclude>
    <ClInclude Include="logging\Logger.h">
      <Filter>logging</Filter>
    </ClInclude>
    <ClInclude Include="logging\SignalLogger.hxx">
      <Filter>logging</Filter>
    </ClInclude>
    <ClInclude Include="util\Image.h">
      <Filter>util</Filter>
    </ClInclude>
    <ClInclude Include="util\sutil.h">
      <Filter>util</Filter>
    </ClInclude>
    <ClInclude Include="util\imageformats\libtga\tga.h">
      <Filter>util\tga</Filter>
    </ClInclude>
    <ClInclude Include="util\imageformats\libtga\tgaconfig.h">
      <Filter>util\tga</Filter>
    </ClInclude>
    <ClInclude Include="renderer\helpers\optix.h">
      <Filter>renderer\helpers</Filter>
    </ClInclude>
    <ClInclude Include="renderer\helpers\camera.h">
      <Filter>renderer\helpers</Filter>
    </ClInclude>
    <ClInclude Include="material\Mirror.h">
      <Filter>material</Filter>
    </ClInclude>
    <ClInclude Include="material\Texture.h">
      <Filter>material</Filter>
    </ClInclude>
    <ClInclude Include="math\AAB.h">
      <Filter>math</Filter>
    </ClInclude>
    <ClInclude Include="math\Sphere.h">
      <Filter>math</Filter>
    </ClInclude>
    <ClInclude Include="math\Vector3.h">
      <Filter>math</Filter>
    </ClInclude>
    <ClInclude Include="renderer\helpers\helpers.h">
      <Filter>renderer\helpers</Filter>
    </ClInclude>
    <ClInclude Include="renderer\helpers\light.h">
      <Filter>renderer\helpers</Filter>
    </ClInclude>
    <ClInclude Include="renderer\helpers\random.h">
      <Filter>renderer\helpers</Filter>
    </ClInclude>
    <ClInclude Include="renderer\helpers\samplers.h">
      <Filter>renderer\helpers</Filter>
    </ClInclude>
    <ClInclude Include="renderer\helpers\store_photon.h">
      <Filter>renderer\helpers</Filter>
    </ClInclude>
    <ClInclude Include="renderer\ppm\Photon.h">
      <Filter>renderer\ppm</Filter>
    </ClInclude>
    <ClInclude Include="renderer\ppm\PhotonGrid.h">
      <Filter>renderer\ppm</Filter>
    </ClInclude>
    <ClInclude Include="renderer\ppm\PhotonPRD.h">
      <Filter>renderer\ppm</Filter>
    </ClInclude>
    <ClInclude Include="renderer\ppm\VolumetricRadiancePRD.h">
      <Filter>renderer\ppm</Filter>
    </ClInclude>
    <ClInclude Include="renderer\Camera.h">
      <Filter>renderer</Filter>
    </ClInclude>
    <ClInclude Include="renderer\Hitpoint.h">
      <Filter>renderer</Filter>
    </ClInclude>
    <ClInclude Include="renderer\Light.h">
      <Filter>renderer</Filter>
    </ClInclude>
    <ClInclude Include="renderer\OptixEntryPoint.h">
      <Filter>renderer</Filter>
    </ClInclude>
    <ClInclude Include="renderer\OptixRenderer.h">
      <Filter>renderer</Filter>
    </ClInclude>
    <ClInclude Include="renderer\PMOptixRenderer.h">
      <Filter>renderer</Filter>
    </ClInclude>
    <ClInclude Include="renderer\PPMOptixRenderer.h">
      <Filter>renderer</Filter>
    </ClInclude>
    <ClInclude Include="renderer\RadiancePRD.h">
      <Filter>renderer</Filter>
    </ClInclude>
    <ClInclude Include="renderer\RandomState.h">
      <Filter>renderer</Filter>
    </ClInclude>
    <ClInclude Include="renderer\RayType.h">
      <Filter>renderer</Filter>
    </ClInclude>
    <ClInclude Include="renderer\RenderMethod.h">
      <Filter>renderer</Filter>
    </ClInclude>
    <ClInclude Include="renderer\ShadowPRD.h">
      <Filter>renderer</Filter>
    </ClInclude>
    <ClInclude Include="renderer\TransmissionPRD.h">
      <Filter>renderer</Filter>
    </ClInclude>
    <ClInclude Include="material\DiffuseEmitter.h">
      <Filter>material</Filter>
    </ClInclude>
    <ClInclude Include="renderer\helpers\nsight.h">
      <Filter>renderer\helpers</Filter>
    </ClInclude>
    <ClInclude Include="util\RelPath.h">
      <Filter>util</Filter>
    </ClInclude>
  </ItemGroup>
  <ItemGroup>
    <Filter Include="material">
      <UniqueIdentifier>{8fad7784-d65c-4407-b1d7-c4867e9a1f68}</UniqueIdentifier>
    </Filter>
    <Filter Include="scene">
      <UniqueIdentifier>{04069672-3cee-4e3c-acb8-d7e838afb628}</UniqueIdentifier>
    </Filter>
    <Filter Include="clientserver">
      <UniqueIdentifier>{26cfa268-7085-44eb-bdde-621329ca2648}</UniqueIdentifier>
    </Filter>
    <Filter Include="geometry_instance">
      <UniqueIdentifier>{03497bfc-c80a-442b-a416-b5073319bbc9}</UniqueIdentifier>
    </Filter>
    <Filter Include="logging">
      <UniqueIdentifier>{708ab097-734c-486c-aedd-6b820a369809}</UniqueIdentifier>
    </Filter>
    <Filter Include="util">
      <UniqueIdentifier>{7673db97-e80d-47f3-948d-a39d6c2679b3}</UniqueIdentifier>
    </Filter>
    <Filter Include="util\tga">
      <UniqueIdentifier>{c1622240-656a-4d2e-b26a-e69137640d83}</UniqueIdentifier>
    </Filter>
    <Filter Include="renderer">
      <UniqueIdentifier>{27bc8333-94f9-4f28-9a15-2a10d9591802}</UniqueIdentifier>
    </Filter>
    <Filter Include="renderer\helpers">
      <UniqueIdentifier>{a7f8466c-4ebf-4790-8a77-d49d918cf04a}</UniqueIdentifier>
    </Filter>
    <Filter Include="math">
      <UniqueIdentifier>{9d0e4f50-99f8-4214-bdd1-cb25bd345916}</UniqueIdentifier>
    </Filter>
    <Filter Include="renderer\pt">
      <UniqueIdentifier>{ec99dcf1-86b9-44d2-b9f0-eafb7c99a4e3}</UniqueIdentifier>
    </Filter>
    <Filter Include="renderer\pm">
      <UniqueIdentifier>{838de7de-4aa0-42fa-9fbd-7b62dd02a8db}</UniqueIdentifier>
    </Filter>
    <Filter Include="renderer\ppm">
      <UniqueIdentifier>{1e3d0fdb-dbaa-426b-aabe-d0449c8c323b}</UniqueIdentifier>
    </Filter>
  </ItemGroup>
  <ItemGroup>
    <CudaCompile Include="material\Glass.cu">
      <Filter>material</Filter>
    </CudaCompile>
    <CudaCompile Include="material\Diffuse.cu">
      <Filter>material</Filter>
    </CudaCompile>
    <CudaCompile Include="material\ParticipatingMedium.cu">
      <Filter>material</Filter>
    </CudaCompile>
    <CudaCompile Include="geometry_instance\Sphere.cu">
      <Filter>geometry_instance</Filter>
    </CudaCompile>
    <CudaCompile Include="geometry_instance\AAB.cu">
      <Filter>geometry_instance</Filter>
    </CudaCompile>
    <CudaCompile Include="geometry_instance\TriangleMesh.cu">
      <Filter>geometry_instance</Filter>
    </CudaCompile>
    <CudaCompile Include="material\DiffuseEmitter.cu">
      <Filter>material</Filter>
    </CudaCompile>
    <CudaCompile Include="material\Mirror.cu">
      <Filter>material</Filter>
    </CudaCompile>
    <CudaCompile Include="material\Texture.cu">
      <Filter>material</Filter>
    </CudaCompile>
    <CudaCompile Include="renderer\pt\RayGeneratorPT.cu">
      <Filter>renderer\pt</Filter>
    </CudaCompile>
    <CudaCompile Include="renderer\pm\PMDirectRadianceEstimation.cu">
      <Filter>renderer\pm</Filter>
    </CudaCompile>
    <CudaCompile Include="renderer\pm\PMIndirectRadianceEstimation.cu">
      <Filter>renderer\pm</Filter>
    </CudaCompile>
    <CudaCompile Include="renderer\pm\PMOutput.cu">
      <Filter>renderer\pm</Filter>
    </CudaCompile>
    <CudaCompile Include="renderer\pm\PMPhotonGenerator.cu">
      <Filter>renderer\pm</Filter>
    </CudaCompile>
    <CudaCompile Include="renderer\pm\PMRayGenerator.cu">
      <Filter>renderer\pm</Filter>
    </CudaCompile>
    <CudaCompile Include="renderer\ppm\DirectRadianceEstimation.cu">
      <Filter>renderer\ppm</Filter>
    </CudaCompile>
    <CudaCompile Include="renderer\ppm\IndirectRadianceEstimation.cu">
      <Filter>renderer\ppm</Filter>
    </CudaCompile>
    <CudaCompile Include="renderer\ppm\Output.cu">
      <Filter>renderer\ppm</Filter>
    </CudaCompile>
    <CudaCompile Include="renderer\ppm\PhotonGenerator.cu">
      <Filter>renderer\ppm</Filter>
    </CudaCompile>
    <CudaCompile Include="renderer\ppm\RayGeneratorPPM.cu">
      <Filter>renderer\ppm</Filter>
    </CudaCompile>
    <CudaCompile Include="renderer\ppm\UniformGridPhotonInitialize.cu">
      <Filter>renderer\ppm</Filter>
    </CudaCompile>
    <CudaCompile Include="renderer\ppm\VolumetricPhotonInitialize.cu">
      <Filter>renderer\ppm</Filter>
    </CudaCompile>
    <CudaCompile Include="renderer\ppm\VolumetricPhotonSphere.cu">
      <Filter>renderer\ppm</Filter>
    </CudaCompile>
    <CudaCompile Include="renderer\ppm\VolumetricPhotonSphereRadiance.cu">
      <Filter>renderer\ppm</Filter>
    </CudaCompile>
    <CudaCompile Include="renderer\OptixRenderer_SpatialHash.cu">
      <Filter>renderer</Filter>
    </CudaCompile>
  </ItemGroup>
</Project>