<?xml version="1.0" encoding="utf-8"?>
<Project ToolsVersion="4.0" xmlns="http://schemas.microsoft.com/developer/msbuild/2003">
  <ItemGroup>
    <ClCompile Include="Interval.cpp" />
    <ClCompile Include="Main.cpp" />
    <ClCompile Include="optimizations\SurfaceRadiosity.cpp">
      <Filter>optimizations</Filter>
    </ClCompile>
    <ClCompile Include="optimizations\SurfaceRadiosityEvaluation.cpp">
      <Filter>optimizations</Filter>
    </ClCompile>
    <ClCompile Include="conditions\LightInSurface.cpp">
      <Filter>conditions</Filter>
    </ClCompile>
    <ClCompile Include="optimizations\OptimizationFunction.cpp">
      <Filter>optimizations</Filter>
    </ClCompile>
    <ClCompile Include="optimizations\Evaluation.cpp">
      <Filter>optimizations</Filter>
    </ClCompile>
    <ClCompile Include="conditions\LightInSurfacePosition.cpp">
      <Filter>conditions</Filter>
    </ClCompile>
    <ClCompile Include="Configuration.cpp" />
    <ClCompile Include="ILPRead.cpp" />
    <ClCompile Include="FileLogger.cpp" />
    <ClCompile Include="ILPLog.cpp" />
    <ClCompile Include="ILPOptimize.cpp" />
    <ClCompile Include="conditions\DirectionalLight.cpp">
      <Filter>conditions</Filter>
    </ClCompile>
    <ClCompile Include="conditions\DirectionalLightPosition.cpp">
      <Filter>conditions</Filter>
    </ClCompile>
  </ItemGroup>
  <ItemGroup>
    <ClInclude Include="ILP.h" />
    <ClInclude Include="Interval.h" />
    <ClInclude Include="Main.hxx" />
    <ClInclude Include="optimizations\SurfaceRadiosity.h">
      <Filter>optimizations</Filter>
    </ClInclude>
    <ClInclude Include="optimizations\SurfaceRadiosityEvaluation.h">
      <Filter>optimizations</Filter>
    </ClInclude>
    <ClInclude Include="conditions\LightInSurface.h">
      <Filter>conditions</Filter>
    </ClInclude>
    <ClInclude Include="conditions\Condition.h">
      <Filter>conditions</Filter>
    </ClInclude>
    <ClInclude Include="optimizations\Evaluation.h">
      <Filter>optimizations</Filter>
    </ClInclude>
    <ClInclude Include="optimizations\OptimizationFunction.h">
      <Filter>optimizations</Filter>
    </ClInclude>
    <ClInclude Include="conditions\ConditionPosition.h">
      <Filter>conditions</Filter>
    </ClInclude>
    <ClInclude Include="conditions\LightInSurfacePosition.h">
      <Filter>conditions</Filter>
    </ClInclude>
    <ClInclude Include="Configuration.h" />
    <ClInclude Include="FileLogger.h" />
    <ClInclude Include="conditions\DirectionalLightPosition.h">
      <Filter>conditions</Filter>
    </ClInclude>
    <ClInclude Include="conditions\DirectionalLight.h">
      <Filter>conditions</Filter>
    </ClInclude>
  </ItemGroup>
  <ItemGroup>
    <None Include="examples\cube.blend">
      <Filter>examples</Filter>
    </None>
    <None Include="examples\cube.dae">
      <Filter>examples</Filter>
    </None>
    <None Include="examples\cube.xml">
      <Filter>examples</Filter>
    </None>
    <None Include="examples\conference.blend">
      <Filter>examples</Filter>
    </None>
    <None Include="examples\conference.dae">
      <Filter>examples</Filter>
    </None>
    <None Include="examples\directional.blend">
      <Filter>examples</Filter>
    </None>
    <None Include="examples\directional.dae">
      <Filter>examples</Filter>
    </None>
  </ItemGroup>
  <ItemGroup>
    <Filter Include="examples">
      <UniqueIdentifier>{5ee97804-250e-4ed5-a9aa-a2804802de53}</UniqueIdentifier>
    </Filter>
    <Filter Include="conditions">
      <UniqueIdentifier>{f8753e75-2d19-4478-aab6-71e6d25185a5}</UniqueIdentifier>
    </Filter>
    <Filter Include="optimizations">
      <UniqueIdentifier>{319846bd-d1a7-400b-b0e5-c441611cf3a1}</UniqueIdentifier>
    </Filter>
  </ItemGroup>
  <ItemGroup>
    <Xml Include="examples\conference.xml">
      <Filter>examples</Filter>
    </Xml>
    <Xml Include="examples\directional.xml">
      <Filter>examples</Filter>
    </Xml>
  </ItemGroup>
  <ItemGroup>
    <CudaCompile Include="optimizations\OptimizationFunction.cu">
      <Filter>optimizations</Filter>
    </CudaCompile>
  </ItemGroup>
</Project>