<?xml version="1.0" encoding="utf-8"?>
<Project ToolsVersion="4.0" xmlns="http://schemas.microsoft.com/developer/msbuild/2003">
  <ItemGroup>
    <ClCompile Include="ILP.cpp" />
    <ClCompile Include="Interval.cpp" />
    <ClCompile Include="LightInSurface.cpp" />
    <ClCompile Include="Main.cpp" />
    <ClCompile Include="SurfaceRadiosity.cpp" />
    <ClCompile Include="SurfaceRadiosityEvaluation.cpp" />
  </ItemGroup>
  <ItemGroup>
    <ClInclude Include="ILP.h" />
    <ClInclude Include="Interval.h" />
    <ClInclude Include="LightInSurface.h" />
    <ClInclude Include="Main.hxx" />
    <ClInclude Include="SurfaceRadiosity.h" />
    <ClInclude Include="SurfaceRadiosityEvaluation.h" />
  </ItemGroup>
  <ItemGroup>
    <CudaCompile Include="SurfaceRadiosity.cu" />
  </ItemGroup>
  <ItemGroup>
    <None Include="examples\cube.blend">
      <Filter>examples</Filter>
    </None>
    <None Include="examples\cube.dae">
      <Filter>examples</Filter>
    </None>
    <None Include="examples\cube.xml">
      <Filter>examples</Filter>
    </None>
  </ItemGroup>
  <ItemGroup>
    <Filter Include="examples">
      <UniqueIdentifier>{5ee97804-250e-4ed5-a9aa-a2804802de53}</UniqueIdentifier>
    </Filter>
  </ItemGroup>
</Project>